
Microsoft Visual Studio Solution File, Format Version 12.00
# Visual Studio Version 17
VisualStudioVersion = 17.5.33530.505
MinimumVisualStudioVersion = 10.0.40219.1
Project("{9A19103F-16F7-4668-BE54-9A1E7A4F7556}") = "SOLID1.Entity", "SOLID1.Entity\SOLID1.Entity.csproj", "{2AAB195C-4FC5-459B-B28D-72E4BD2579FE}"
EndProject
Project("{9A19103F-16F7-4668-BE54-9A1E7A4F7556}") = "SOLID1.DataAccess", "SOLID1.DataAccess\SOLID1.DataAccess.csproj", "{EACA575E-E600-4F37-98AD-AA22F94206DE}"
EndProject
Project("{9A19103F-16F7-4668-BE54-9A1E7A4F7556}") = "SOLID1.Business", "SOLID1.Busniess\SOLID1.Business.csproj", "{17CC660B-D7AD-4BC6-B407-2F7C2E856EFC}"
EndProject
Project("{9A19103F-16F7-4668-BE54-9A1E7A4F7556}") = "SOLID1.WebApi", "SOLID1.WebApi\SOLID1.WebApi.csproj", "{AD879212-B3AB-4146-8D00-CDC57AF0DEB5}"
EndProject
Global
	GlobalSection(SolutionConfigurationPlatforms) = preSolution
		Debug|Any CPU = Debug|Any CPU
		Release|Any CPU = Release|Any CPU
	EndGlobalSection
	GlobalSection(ProjectConfigurationPlatforms) = postSolution
		{2AAB195C-4FC5-459B-B28D-72E4BD2579FE}.Debug|Any CPU.ActiveCfg = Debug|Any CPU
		{2AAB195C-4FC5-459B-B28D-72E4BD2579FE}.Debug|Any CPU.Build.0 = Debug|Any CPU
		{2AAB195C-4FC5-459B-B28D-72E4BD2579FE}.Release|Any CPU.ActiveCfg = Release|Any CPU
		{2AAB195C-4FC5-459B-B28D-72E4BD2579FE}.Release|Any CPU.Build.0 = Release|Any CPU
		{EACA575E-E600-4F37-98AD-AA22F94206DE}.Debug|Any CPU.ActiveCfg = Debug|Any CPU
		{EACA575E-E600-4F37-98AD-AA22F94206DE}.Debug|Any CPU.Build.0 = Debug|Any CPU
		{EACA575E-E600-4F37-98AD-AA22F94206DE}.Release|Any CPU.ActiveCfg = Release|Any CPU
		{EACA575E-E600-4F37-98AD-AA22F94206DE}.Release|Any CPU.Build.0 = Release|Any CPU
		{17CC660B-D7AD-4BC6-B407-2F7C2E856EFC}.Debug|Any CPU.ActiveCfg = Debug|Any CPU
		{17CC660B-D7AD-4BC6-B407-2F7C2E856EFC}.Debug|Any CPU.Build.0 = Debug|Any CPU
		{17CC660B-D7AD-4BC6-B407-2F7C2E856EFC}.Release|Any CPU.ActiveCfg = Release|Any CPU
		{17CC660B-D7AD-4BC6-B407-2F7C2E856EFC}.Release|Any CPU.Build.0 = Release|Any CPU
		{AD879212-B3AB-4146-8D00-CDC57AF0DEB5}.Debug|Any CPU.ActiveCfg = Debug|Any CPU
		{AD879212-B3AB-4146-8D00-CDC57AF0DEB5}.Debug|Any CPU.Build.0 = Debug|Any CPU
		{AD879212-B3AB-4146-8D00-CDC57AF0DEB5}.Release|Any CPU.ActiveCfg = Release|Any CPU
		{AD879212-B3AB-4146-8D00-CDC57AF0DEB5}.Release|Any CPU.Build.0 = Release|Any CPU
	EndGlobalSection
	GlobalSection(SolutionProperties) = preSolution
		HideSolutionNode = FALSE
	EndGlobalSection
	GlobalSection(ExtensibilityGlobals) = postSolution
		SolutionGuid = {04FC3610-ADF3-48F0-A3B8-0C1D19D1B673}
	EndGlobalSection
EndGlobal
